
Microsoft Visual Studio Solution File, Format Version 12.00
# Visual Studio Version 16
VisualStudioVersion = 16.0.29613.14
MinimumVisualStudioVersion = 10.0.40219.1
Project("{FAE04EC0-301F-11D3-BF4B-00C04F79EFBC}") = "ProjTaskReminder", "ProjTaskReminder.csproj", "{0A63DF5E-8C16-4D82-9A04-F912DDBC3BF8}"
EndProject
Project("{2150E333-8FDC-42A3-9474-1A3956D46DE8}") = "Solution Items", "Solution Items", "{6B62A2A7-2512-45AA-B869-6C2A90476151}"
	ProjectSection(SolutionItems) = preProject
		.editorconfig = .editorconfig
	EndProjectSection
EndProject
Project("{FAE04EC0-301F-11D3-BF4B-00C04F79EFBC}") = "MHServiceKeepAlive", "..\MHServiceKeepAlive\MHServiceKeepAlive.csproj", "{AFD15E0D-1240-4A5C-AAE5-3D0A8F176F4D}"
EndProject
Project("{FAE04EC0-301F-11D3-BF4B-00C04F79EFBC}") = "MH_Utils", "..\MH_Utils\MH_Utils.csproj", "{A98E0273-D5B1-487C-8103-8AD4D7E73CBC}"
EndProject
Global
	GlobalSection(SolutionConfigurationPlatforms) = preSolution
		Debug|Any CPU = Debug|Any CPU
		Release|Any CPU = Release|Any CPU
	EndGlobalSection
	GlobalSection(ProjectConfigurationPlatforms) = postSolution
		{0A63DF5E-8C16-4D82-9A04-F912DDBC3BF8}.Debug|Any CPU.ActiveCfg = Debug|Any CPU
		{0A63DF5E-8C16-4D82-9A04-F912DDBC3BF8}.Debug|Any CPU.Build.0 = Debug|Any CPU
		{0A63DF5E-8C16-4D82-9A04-F912DDBC3BF8}.Debug|Any CPU.Deploy.0 = Debug|Any CPU
		{0A63DF5E-8C16-4D82-9A04-F912DDBC3BF8}.Release|Any CPU.ActiveCfg = Release|Any CPU
		{0A63DF5E-8C16-4D82-9A04-F912DDBC3BF8}.Release|Any CPU.Build.0 = Release|Any CPU
		{0A63DF5E-8C16-4D82-9A04-F912DDBC3BF8}.Release|Any CPU.Deploy.0 = Release|Any CPU
		{AFD15E0D-1240-4A5C-AAE5-3D0A8F176F4D}.Debug|Any CPU.ActiveCfg = Debug|Any CPU
		{AFD15E0D-1240-4A5C-AAE5-3D0A8F176F4D}.Debug|Any CPU.Build.0 = Debug|Any CPU
		{AFD15E0D-1240-4A5C-AAE5-3D0A8F176F4D}.Release|Any CPU.ActiveCfg = Release|Any CPU
		{AFD15E0D-1240-4A5C-AAE5-3D0A8F176F4D}.Release|Any CPU.Build.0 = Release|Any CPU
		{A98E0273-D5B1-487C-8103-8AD4D7E73CBC}.Debug|Any CPU.ActiveCfg = Debug|Any CPU
		{A98E0273-D5B1-487C-8103-8AD4D7E73CBC}.Debug|Any CPU.Build.0 = Debug|Any CPU
		{A98E0273-D5B1-487C-8103-8AD4D7E73CBC}.Release|Any CPU.ActiveCfg = Release|Any CPU
		{A98E0273-D5B1-487C-8103-8AD4D7E73CBC}.Release|Any CPU.Build.0 = Release|Any CPU
	EndGlobalSection
	GlobalSection(SolutionProperties) = preSolution
		HideSolutionNode = FALSE
	EndGlobalSection
	GlobalSection(ExtensibilityGlobals) = postSolution
		SolutionGuid = {2EFCAEB4-BEE9-445C-99A0-A5E07E17038B}
	EndGlobalSection
EndGlobal
